// !$*UTF8*$!
{
	archiveVersion = 1;
	classes = {
	};
	objectVersion = 56;
	objects = {

/* Begin PBXBuildFile section */
		920BE3662A8FCA11009B2F43 /* GoogleService-Info.plist in Resources */ = {isa = PBXBuildFile; fileRef = 920BE3652A8FCA11009B2F43 /* GoogleService-Info.plist */; };
		920BE36A2A9015A3009B2F43 /* UIColor + Extension.swift in Sources */ = {isa = PBXBuildFile; fileRef = 920BE3692A9015A3009B2F43 /* UIColor + Extension.swift */; };
		920BE36F2A90C681009B2F43 /* CharacterGuideViewController.swift in Sources */ = {isa = PBXBuildFile; fileRef = 920BE36E2A90C681009B2F43 /* CharacterGuideViewController.swift */; };
		920BE3722A90EDD3009B2F43 /* VerticalLabelsStackView.swift in Sources */ = {isa = PBXBuildFile; fileRef = 920BE3712A90EDD3009B2F43 /* VerticalLabelsStackView.swift */; };
		921F1A3D2AC58009003B37E5 /* MockData.swift in Sources */ = {isa = PBXBuildFile; fileRef = 921F1A3C2AC58009003B37E5 /* MockData.swift */; };
		921F1A402AC7106C003B37E5 /* FirebaseAnalytics in Frameworks */ = {isa = PBXBuildFile; productRef = 921F1A3F2AC7106C003B37E5 /* FirebaseAnalytics */; };
		921F1A422AC7106C003B37E5 /* FirebaseAnalyticsOnDeviceConversion in Frameworks */ = {isa = PBXBuildFile; productRef = 921F1A412AC7106C003B37E5 /* FirebaseAnalyticsOnDeviceConversion */; };
		921F1A442AC7106C003B37E5 /* FirebaseAnalyticsSwift in Frameworks */ = {isa = PBXBuildFile; productRef = 921F1A432AC7106C003B37E5 /* FirebaseAnalyticsSwift */; };
		921F1A462AC7106C003B37E5 /* FirebaseAnalyticsWithoutAdIdSupport in Frameworks */ = {isa = PBXBuildFile; productRef = 921F1A452AC7106C003B37E5 /* FirebaseAnalyticsWithoutAdIdSupport */; };
		921F1A482AC7106C003B37E5 /* FirebaseAppCheck in Frameworks */ = {isa = PBXBuildFile; productRef = 921F1A472AC7106C003B37E5 /* FirebaseAppCheck */; };
		921F1A4A2AC7106C003B37E5 /* FirebaseAppDistribution-Beta in Frameworks */ = {isa = PBXBuildFile; productRef = 921F1A492AC7106C003B37E5 /* FirebaseAppDistribution-Beta */; };
		921F1A4C2AC7106C003B37E5 /* FirebaseAuth in Frameworks */ = {isa = PBXBuildFile; productRef = 921F1A4B2AC7106C003B37E5 /* FirebaseAuth */; };
		921F1A4E2AC7106C003B37E5 /* FirebaseAuthCombine-Community in Frameworks */ = {isa = PBXBuildFile; productRef = 921F1A4D2AC7106C003B37E5 /* FirebaseAuthCombine-Community */; };
		921F1A502AC7106C003B37E5 /* FirebaseCrashlytics in Frameworks */ = {isa = PBXBuildFile; productRef = 921F1A4F2AC7106C003B37E5 /* FirebaseCrashlytics */; };
		921F1A522AC7106C003B37E5 /* FirebaseDatabase in Frameworks */ = {isa = PBXBuildFile; productRef = 921F1A512AC7106C003B37E5 /* FirebaseDatabase */; };
		921F1A542AC7106C003B37E5 /* FirebaseDatabaseSwift in Frameworks */ = {isa = PBXBuildFile; productRef = 921F1A532AC7106C003B37E5 /* FirebaseDatabaseSwift */; };
		921F1A562AC7106C003B37E5 /* FirebaseDynamicLinks in Frameworks */ = {isa = PBXBuildFile; productRef = 921F1A552AC7106C003B37E5 /* FirebaseDynamicLinks */; };
		921F1A582AC7106C003B37E5 /* FirebaseFirestore in Frameworks */ = {isa = PBXBuildFile; productRef = 921F1A572AC7106C003B37E5 /* FirebaseFirestore */; };
		921F1A5A2AC7106C003B37E5 /* FirebaseFirestoreCombine-Community in Frameworks */ = {isa = PBXBuildFile; productRef = 921F1A592AC7106C003B37E5 /* FirebaseFirestoreCombine-Community */; };
		921F1A5C2AC7106C003B37E5 /* FirebaseFirestoreSwift in Frameworks */ = {isa = PBXBuildFile; productRef = 921F1A5B2AC7106C003B37E5 /* FirebaseFirestoreSwift */; };
		921F1A5E2AC7106C003B37E5 /* FirebaseFunctions in Frameworks */ = {isa = PBXBuildFile; productRef = 921F1A5D2AC7106C003B37E5 /* FirebaseFunctions */; };
		921F1A602AC7106C003B37E5 /* FirebaseFunctionsCombine-Community in Frameworks */ = {isa = PBXBuildFile; productRef = 921F1A5F2AC7106C003B37E5 /* FirebaseFunctionsCombine-Community */; };
		921F1A622AC7106C003B37E5 /* FirebaseInAppMessaging-Beta in Frameworks */ = {isa = PBXBuildFile; productRef = 921F1A612AC7106C003B37E5 /* FirebaseInAppMessaging-Beta */; };
		921F1A642AC7106C003B37E5 /* FirebaseInAppMessagingSwift-Beta in Frameworks */ = {isa = PBXBuildFile; productRef = 921F1A632AC7106C003B37E5 /* FirebaseInAppMessagingSwift-Beta */; };
		921F1A662AC7106C003B37E5 /* FirebaseInstallations in Frameworks */ = {isa = PBXBuildFile; productRef = 921F1A652AC7106C003B37E5 /* FirebaseInstallations */; };
		921F1A682AC7106C003B37E5 /* FirebaseMLModelDownloader in Frameworks */ = {isa = PBXBuildFile; productRef = 921F1A672AC7106C003B37E5 /* FirebaseMLModelDownloader */; };
		921F1A6A2AC7106C003B37E5 /* FirebaseMessaging in Frameworks */ = {isa = PBXBuildFile; productRef = 921F1A692AC7106C003B37E5 /* FirebaseMessaging */; };
		921F1A6C2AC7106C003B37E5 /* FirebasePerformance in Frameworks */ = {isa = PBXBuildFile; productRef = 921F1A6B2AC7106C003B37E5 /* FirebasePerformance */; };
		921F1A6E2AC7106C003B37E5 /* FirebaseRemoteConfig in Frameworks */ = {isa = PBXBuildFile; productRef = 921F1A6D2AC7106C003B37E5 /* FirebaseRemoteConfig */; };
		921F1A702AC7106C003B37E5 /* FirebaseRemoteConfigSwift in Frameworks */ = {isa = PBXBuildFile; productRef = 921F1A6F2AC7106C003B37E5 /* FirebaseRemoteConfigSwift */; };
		921F1A722AC7106C003B37E5 /* FirebaseStorage in Frameworks */ = {isa = PBXBuildFile; productRef = 921F1A712AC7106C003B37E5 /* FirebaseStorage */; };
		921F1A742AC7106C003B37E5 /* FirebaseStorageCombine-Community in Frameworks */ = {isa = PBXBuildFile; productRef = 921F1A732AC7106C003B37E5 /* FirebaseStorageCombine-Community */; };
		924849CE2ABC6B3D00433452 /* CharactersPresenter.swift in Sources */ = {isa = PBXBuildFile; fileRef = 924849CD2ABC6B3D00433452 /* CharactersPresenter.swift */; };
		924849D02ABCC24300433452 /* ItemView.swift in Sources */ = {isa = PBXBuildFile; fileRef = 924849CF2ABCC24300433452 /* ItemView.swift */; };
		924849D22ABDF9EB00433452 /* TopItemsView.swift in Sources */ = {isa = PBXBuildFile; fileRef = 924849D12ABDF9EB00433452 /* TopItemsView.swift */; };
		924849D42AC0515D00433452 /* StatsView.swift in Sources */ = {isa = PBXBuildFile; fileRef = 924849D32AC0515D00433452 /* StatsView.swift */; };
		9266D2062A8CC37E0020D766 /* AppDelegate.swift in Sources */ = {isa = PBXBuildFile; fileRef = 9266D2052A8CC37E0020D766 /* AppDelegate.swift */; };
		9266D2082A8CC37E0020D766 /* SceneDelegate.swift in Sources */ = {isa = PBXBuildFile; fileRef = 9266D2072A8CC37E0020D766 /* SceneDelegate.swift */; };
		9266D20F2A8CC37F0020D766 /* Assets.xcassets in Resources */ = {isa = PBXBuildFile; fileRef = 9266D20E2A8CC37F0020D766 /* Assets.xcassets */; };
		9266D2122A8CC37F0020D766 /* LaunchScreen.storyboard in Resources */ = {isa = PBXBuildFile; fileRef = 9266D2102A8CC37F0020D766 /* LaunchScreen.storyboard */; };
		9266D21D2A8CC6A50020D766 /* TabBarViewController.swift in Sources */ = {isa = PBXBuildFile; fileRef = 9266D21C2A8CC6A50020D766 /* TabBarViewController.swift */; };
		9266D21F2A8CC7460020D766 /* CharactersViewController.swift in Sources */ = {isa = PBXBuildFile; fileRef = 9266D21E2A8CC7460020D766 /* CharactersViewController.swift */; };
		9266D2212A8CC7920020D766 /* CharacterCell.swift in Sources */ = {isa = PBXBuildFile; fileRef = 9266D2202A8CC7920020D766 /* CharacterCell.swift */; };
		9266D2232A8CC8400020D766 /* SettingsView.swift in Sources */ = {isa = PBXBuildFile; fileRef = 9266D2222A8CC8400020D766 /* SettingsView.swift */; };
		9266D2392A8CF1760020D766 /* FirebaseManager.swift in Sources */ = {isa = PBXBuildFile; fileRef = 9266D2382A8CF1760020D766 /* FirebaseManager.swift */; };
		9266D23B2A8CF2550020D766 /* CharacterParcing.swift in Sources */ = {isa = PBXBuildFile; fileRef = 9266D23A2A8CF2550020D766 /* CharacterParcing.swift */; };
		9266D23E2A8E15490020D766 /* SDWebImage in Frameworks */ = {isa = PBXBuildFile; productRef = 9266D23D2A8E15490020D766 /* SDWebImage */; };
		927AB3302AD07E980077BB4E /* FilterService.swift in Sources */ = {isa = PBXBuildFile; fileRef = 927AB32F2AD07E980077BB4E /* FilterService.swift */; };
		927AB3322AD07EB40077BB4E /* SortService.swift in Sources */ = {isa = PBXBuildFile; fileRef = 927AB3312AD07EB40077BB4E /* SortService.swift */; };
		92E571762AC977D000457B08 /* InfoModalViewController.swift in Sources */ = {isa = PBXBuildFile; fileRef = 92E571752AC977D000457B08 /* InfoModalViewController.swift */; };
		92E571782AC99FCC00457B08 /* Strings.swift in Sources */ = {isa = PBXBuildFile; fileRef = 92E571772AC99FCC00457B08 /* Strings.swift */; };
		92E5717B2ACAB44C00457B08 /* DeveloperView.swift in Sources */ = {isa = PBXBuildFile; fileRef = 92E5717A2ACAB44C00457B08 /* DeveloperView.swift */; };
		92E5717D2ACCA1DB00457B08 /* ExternalLinksViewModel.swift in Sources */ = {isa = PBXBuildFile; fileRef = 92E5717C2ACCA1DB00457B08 /* ExternalLinksViewModel.swift */; };
		92E5717F2ACCA8BE00457B08 /* ContactViews.swift in Sources */ = {isa = PBXBuildFile; fileRef = 92E5717E2ACCA8BE00457B08 /* ContactViews.swift */; };
/* End PBXBuildFile section */

/* Begin PBXFileReference section */
		920BE3652A8FCA11009B2F43 /* GoogleService-Info.plist */ = {isa = PBXFileReference; fileEncoding = 4; lastKnownFileType = text.plist.xml; path = "GoogleService-Info.plist"; sourceTree = "<group>"; };
		920BE3692A9015A3009B2F43 /* UIColor + Extension.swift */ = {isa = PBXFileReference; lastKnownFileType = sourcecode.swift; path = "UIColor + Extension.swift"; sourceTree = "<group>"; };
		920BE36E2A90C681009B2F43 /* CharacterGuideViewController.swift */ = {isa = PBXFileReference; lastKnownFileType = sourcecode.swift; path = CharacterGuideViewController.swift; sourceTree = "<group>"; };
		920BE3712A90EDD3009B2F43 /* VerticalLabelsStackView.swift */ = {isa = PBXFileReference; lastKnownFileType = sourcecode.swift; path = VerticalLabelsStackView.swift; sourceTree = "<group>"; };
		921F1A3C2AC58009003B37E5 /* MockData.swift */ = {isa = PBXFileReference; lastKnownFileType = sourcecode.swift; path = MockData.swift; sourceTree = "<group>"; };
		924849CD2ABC6B3D00433452 /* CharactersPresenter.swift */ = {isa = PBXFileReference; lastKnownFileType = sourcecode.swift; path = CharactersPresenter.swift; sourceTree = "<group>"; };
		924849CF2ABCC24300433452 /* ItemView.swift */ = {isa = PBXFileReference; lastKnownFileType = sourcecode.swift; path = ItemView.swift; sourceTree = "<group>"; };
		924849D12ABDF9EB00433452 /* TopItemsView.swift */ = {isa = PBXFileReference; lastKnownFileType = sourcecode.swift; path = TopItemsView.swift; sourceTree = "<group>"; };
		924849D32AC0515D00433452 /* StatsView.swift */ = {isa = PBXFileReference; lastKnownFileType = sourcecode.swift; path = StatsView.swift; sourceTree = "<group>"; };
		9266D2022A8CC37E0020D766 /* HSR - Guides and Tools.app */ = {isa = PBXFileReference; explicitFileType = wrapper.application; includeInIndex = 0; path = "HSR - Guides and Tools.app"; sourceTree = BUILT_PRODUCTS_DIR; };
		9266D2052A8CC37E0020D766 /* AppDelegate.swift */ = {isa = PBXFileReference; lastKnownFileType = sourcecode.swift; path = AppDelegate.swift; sourceTree = "<group>"; };
		9266D2072A8CC37E0020D766 /* SceneDelegate.swift */ = {isa = PBXFileReference; lastKnownFileType = sourcecode.swift; path = SceneDelegate.swift; sourceTree = "<group>"; };
		9266D20E2A8CC37F0020D766 /* Assets.xcassets */ = {isa = PBXFileReference; lastKnownFileType = folder.assetcatalog; path = Assets.xcassets; sourceTree = "<group>"; };
		9266D2112A8CC37F0020D766 /* Base */ = {isa = PBXFileReference; lastKnownFileType = file.storyboard; name = Base; path = Base.lproj/LaunchScreen.storyboard; sourceTree = "<group>"; };
		9266D2132A8CC37F0020D766 /* Info.plist */ = {isa = PBXFileReference; lastKnownFileType = text.plist.xml; path = Info.plist; sourceTree = "<group>"; };
		9266D21C2A8CC6A50020D766 /* TabBarViewController.swift */ = {isa = PBXFileReference; lastKnownFileType = sourcecode.swift; path = TabBarViewController.swift; sourceTree = "<group>"; };
		9266D21E2A8CC7460020D766 /* CharactersViewController.swift */ = {isa = PBXFileReference; lastKnownFileType = sourcecode.swift; path = CharactersViewController.swift; sourceTree = "<group>"; };
		9266D2202A8CC7920020D766 /* CharacterCell.swift */ = {isa = PBXFileReference; lastKnownFileType = sourcecode.swift; path = CharacterCell.swift; sourceTree = "<group>"; };
		9266D2222A8CC8400020D766 /* SettingsView.swift */ = {isa = PBXFileReference; lastKnownFileType = sourcecode.swift; path = SettingsView.swift; sourceTree = "<group>"; };
		9266D2382A8CF1760020D766 /* FirebaseManager.swift */ = {isa = PBXFileReference; lastKnownFileType = sourcecode.swift; path = FirebaseManager.swift; sourceTree = "<group>"; };
		9266D23A2A8CF2550020D766 /* CharacterParcing.swift */ = {isa = PBXFileReference; lastKnownFileType = sourcecode.swift; path = CharacterParcing.swift; sourceTree = "<group>"; };
		927AB32F2AD07E980077BB4E /* FilterService.swift */ = {isa = PBXFileReference; lastKnownFileType = sourcecode.swift; path = FilterService.swift; sourceTree = "<group>"; };
		927AB3312AD07EB40077BB4E /* SortService.swift */ = {isa = PBXFileReference; lastKnownFileType = sourcecode.swift; path = SortService.swift; sourceTree = "<group>"; };
		92E571752AC977D000457B08 /* InfoModalViewController.swift */ = {isa = PBXFileReference; lastKnownFileType = sourcecode.swift; path = InfoModalViewController.swift; sourceTree = "<group>"; };
		92E571772AC99FCC00457B08 /* Strings.swift */ = {isa = PBXFileReference; lastKnownFileType = sourcecode.swift; path = Strings.swift; sourceTree = "<group>"; };
		92E5717A2ACAB44C00457B08 /* DeveloperView.swift */ = {isa = PBXFileReference; lastKnownFileType = sourcecode.swift; path = DeveloperView.swift; sourceTree = "<group>"; };
		92E5717C2ACCA1DB00457B08 /* ExternalLinksViewModel.swift */ = {isa = PBXFileReference; lastKnownFileType = sourcecode.swift; path = ExternalLinksViewModel.swift; sourceTree = "<group>"; };
		92E5717E2ACCA8BE00457B08 /* ContactViews.swift */ = {isa = PBXFileReference; lastKnownFileType = sourcecode.swift; path = ContactViews.swift; sourceTree = "<group>"; };
/* End PBXFileReference section */

/* Begin PBXFrameworksBuildPhase section */
		9266D1FF2A8CC37E0020D766 /* Frameworks */ = {
			isa = PBXFrameworksBuildPhase;
			buildActionMask = 2147483647;
			files = (
				921F1A5E2AC7106C003B37E5 /* FirebaseFunctions in Frameworks */,
				921F1A542AC7106C003B37E5 /* FirebaseDatabaseSwift in Frameworks */,
				921F1A642AC7106C003B37E5 /* FirebaseInAppMessagingSwift-Beta in Frameworks */,
				921F1A6A2AC7106C003B37E5 /* FirebaseMessaging in Frameworks */,
				921F1A4A2AC7106C003B37E5 /* FirebaseAppDistribution-Beta in Frameworks */,
				921F1A4E2AC7106C003B37E5 /* FirebaseAuthCombine-Community in Frameworks */,
				921F1A5A2AC7106C003B37E5 /* FirebaseFirestoreCombine-Community in Frameworks */,
				921F1A442AC7106C003B37E5 /* FirebaseAnalyticsSwift in Frameworks */,
				921F1A682AC7106C003B37E5 /* FirebaseMLModelDownloader in Frameworks */,
				921F1A462AC7106C003B37E5 /* FirebaseAnalyticsWithoutAdIdSupport in Frameworks */,
				921F1A402AC7106C003B37E5 /* FirebaseAnalytics in Frameworks */,
				921F1A5C2AC7106C003B37E5 /* FirebaseFirestoreSwift in Frameworks */,
				921F1A422AC7106C003B37E5 /* FirebaseAnalyticsOnDeviceConversion in Frameworks */,
				921F1A482AC7106C003B37E5 /* FirebaseAppCheck in Frameworks */,
				921F1A6C2AC7106C003B37E5 /* FirebasePerformance in Frameworks */,
				921F1A622AC7106C003B37E5 /* FirebaseInAppMessaging-Beta in Frameworks */,
				921F1A602AC7106C003B37E5 /* FirebaseFunctionsCombine-Community in Frameworks */,
				921F1A502AC7106C003B37E5 /* FirebaseCrashlytics in Frameworks */,
				921F1A662AC7106C003B37E5 /* FirebaseInstallations in Frameworks */,
				921F1A6E2AC7106C003B37E5 /* FirebaseRemoteConfig in Frameworks */,
				921F1A722AC7106C003B37E5 /* FirebaseStorage in Frameworks */,
				921F1A522AC7106C003B37E5 /* FirebaseDatabase in Frameworks */,
				921F1A742AC7106C003B37E5 /* FirebaseStorageCombine-Community in Frameworks */,
				9266D23E2A8E15490020D766 /* SDWebImage in Frameworks */,
				921F1A4C2AC7106C003B37E5 /* FirebaseAuth in Frameworks */,
				921F1A562AC7106C003B37E5 /* FirebaseDynamicLinks in Frameworks */,
				921F1A582AC7106C003B37E5 /* FirebaseFirestore in Frameworks */,
				921F1A702AC7106C003B37E5 /* FirebaseRemoteConfigSwift in Frameworks */,
			);
			runOnlyForDeploymentPostprocessing = 0;
		};
/* End PBXFrameworksBuildPhase section */

/* Begin PBXGroup section */
		920BE3672A8FDDDB009B2F43 /* CharacterGuideVC */ = {
			isa = PBXGroup;
			children = (
				920BE3702A90EC63009B2F43 /* Reuseable Views */,
				920BE36E2A90C681009B2F43 /* CharacterGuideViewController.swift */,
			);
			path = CharacterGuideVC;
			sourceTree = "<group>";
		};
		920BE3682A901577009B2F43 /* Helpers */ = {
			isa = PBXGroup;
			children = (
				920BE3692A9015A3009B2F43 /* UIColor + Extension.swift */,
				921F1A3C2AC58009003B37E5 /* MockData.swift */,
				92E571772AC99FCC00457B08 /* Strings.swift */,
			);
			path = Helpers;
			sourceTree = "<group>";
		};
		920BE3702A90EC63009B2F43 /* Reuseable Views */ = {
			isa = PBXGroup;
			children = (
				920BE3712A90EDD3009B2F43 /* VerticalLabelsStackView.swift */,
				924849CF2ABCC24300433452 /* ItemView.swift */,
				924849D12ABDF9EB00433452 /* TopItemsView.swift */,
				924849D32AC0515D00433452 /* StatsView.swift */,
				92E571752AC977D000457B08 /* InfoModalViewController.swift */,
			);
			path = "Reuseable Views";
			sourceTree = "<group>";
		};
		9266D1F92A8CC37E0020D766 = {
			isa = PBXGroup;
			children = (
				9266D2042A8CC37E0020D766 /* HSR - Guides and Tools */,
				9266D2032A8CC37E0020D766 /* Products */,
			);
			sourceTree = "<group>";
		};
		9266D2032A8CC37E0020D766 /* Products */ = {
			isa = PBXGroup;
			children = (
				9266D2022A8CC37E0020D766 /* HSR - Guides and Tools.app */,
			);
			name = Products;
			sourceTree = "<group>";
		};
		9266D2042A8CC37E0020D766 /* HSR - Guides and Tools */ = {
			isa = PBXGroup;
			children = (
				9266D2372A8CF15A0020D766 /* FireBaseFolder */,
				9266D2192A8CC4850020D766 /* TabBarFolder */,
				9266D2052A8CC37E0020D766 /* AppDelegate.swift */,
				9266D2072A8CC37E0020D766 /* SceneDelegate.swift */,
				9266D20E2A8CC37F0020D766 /* Assets.xcassets */,
				920BE3682A901577009B2F43 /* Helpers */,
				9266D2102A8CC37F0020D766 /* LaunchScreen.storyboard */,
				9266D2132A8CC37F0020D766 /* Info.plist */,
				920BE3652A8FCA11009B2F43 /* GoogleService-Info.plist */,
			);
			path = "HSR - Guides and Tools";
			sourceTree = "<group>";
		};
		9266D2192A8CC4850020D766 /* TabBarFolder */ = {
			isa = PBXGroup;
			children = (
				9266D21C2A8CC6A50020D766 /* TabBarViewController.swift */,
				9266D21A2A8CC4AD0020D766 /* CharactersScene */,
				9266D21B2A8CC4C50020D766 /* OptionsViewController */,
			);
			path = TabBarFolder;
			sourceTree = "<group>";
		};
		9266D21A2A8CC4AD0020D766 /* CharactersScene */ = {
			isa = PBXGroup;
			children = (
				9266D21E2A8CC7460020D766 /* CharactersViewController.swift */,
				9266D2202A8CC7920020D766 /* CharacterCell.swift */,
				924849CD2ABC6B3D00433452 /* CharactersPresenter.swift */,
				927AB32F2AD07E980077BB4E /* FilterService.swift */,
				927AB3312AD07EB40077BB4E /* SortService.swift */,
				920BE3672A8FDDDB009B2F43 /* CharacterGuideVC */,
			);
			path = CharactersScene;
			sourceTree = "<group>";
		};
		9266D21B2A8CC4C50020D766 /* OptionsViewController */ = {
			isa = PBXGroup;
			children = (
				92E571792ACAB43200457B08 /* DeveloperView */,
				9266D2222A8CC8400020D766 /* SettingsView.swift */,
			);
			path = OptionsViewController;
			sourceTree = "<group>";
		};
		9266D2372A8CF15A0020D766 /* FireBaseFolder */ = {
			isa = PBXGroup;
			children = (
				9266D2382A8CF1760020D766 /* FirebaseManager.swift */,
				9266D23A2A8CF2550020D766 /* CharacterParcing.swift */,
			);
			path = FireBaseFolder;
			sourceTree = "<group>";
		};
		92E571792ACAB43200457B08 /* DeveloperView */ = {
			isa = PBXGroup;
			children = (
				92E5717A2ACAB44C00457B08 /* DeveloperView.swift */,
				92E5717C2ACCA1DB00457B08 /* ExternalLinksViewModel.swift */,
				92E5717E2ACCA8BE00457B08 /* ContactViews.swift */,
			);
			path = DeveloperView;
			sourceTree = "<group>";
		};
/* End PBXGroup section */

/* Begin PBXNativeTarget section */
		9266D2012A8CC37E0020D766 /* HSR - Guides and Tools */ = {
			isa = PBXNativeTarget;
			buildConfigurationList = 9266D2162A8CC37F0020D766 /* Build configuration list for PBXNativeTarget "HSR - Guides and Tools" */;
			buildPhases = (
				9266D1FE2A8CC37E0020D766 /* Sources */,
				9266D1FF2A8CC37E0020D766 /* Frameworks */,
				9266D2002A8CC37E0020D766 /* Resources */,
			);
			buildRules = (
			);
			dependencies = (
			);
			name = "HSR - Guides and Tools";
			packageProductDependencies = (
				9266D23D2A8E15490020D766 /* SDWebImage */,
				921F1A3F2AC7106C003B37E5 /* FirebaseAnalytics */,
				921F1A412AC7106C003B37E5 /* FirebaseAnalyticsOnDeviceConversion */,
				921F1A432AC7106C003B37E5 /* FirebaseAnalyticsSwift */,
				921F1A452AC7106C003B37E5 /* FirebaseAnalyticsWithoutAdIdSupport */,
				921F1A472AC7106C003B37E5 /* FirebaseAppCheck */,
				921F1A492AC7106C003B37E5 /* FirebaseAppDistribution-Beta */,
				921F1A4B2AC7106C003B37E5 /* FirebaseAuth */,
				921F1A4D2AC7106C003B37E5 /* FirebaseAuthCombine-Community */,
				921F1A4F2AC7106C003B37E5 /* FirebaseCrashlytics */,
				921F1A512AC7106C003B37E5 /* FirebaseDatabase */,
				921F1A532AC7106C003B37E5 /* FirebaseDatabaseSwift */,
				921F1A552AC7106C003B37E5 /* FirebaseDynamicLinks */,
				921F1A572AC7106C003B37E5 /* FirebaseFirestore */,
				921F1A592AC7106C003B37E5 /* FirebaseFirestoreCombine-Community */,
				921F1A5B2AC7106C003B37E5 /* FirebaseFirestoreSwift */,
				921F1A5D2AC7106C003B37E5 /* FirebaseFunctions */,
				921F1A5F2AC7106C003B37E5 /* FirebaseFunctionsCombine-Community */,
				921F1A612AC7106C003B37E5 /* FirebaseInAppMessaging-Beta */,
				921F1A632AC7106C003B37E5 /* FirebaseInAppMessagingSwift-Beta */,
				921F1A652AC7106C003B37E5 /* FirebaseInstallations */,
				921F1A672AC7106C003B37E5 /* FirebaseMLModelDownloader */,
				921F1A692AC7106C003B37E5 /* FirebaseMessaging */,
				921F1A6B2AC7106C003B37E5 /* FirebasePerformance */,
				921F1A6D2AC7106C003B37E5 /* FirebaseRemoteConfig */,
				921F1A6F2AC7106C003B37E5 /* FirebaseRemoteConfigSwift */,
				921F1A712AC7106C003B37E5 /* FirebaseStorage */,
				921F1A732AC7106C003B37E5 /* FirebaseStorageCombine-Community */,
			);
			productName = "HSR - Guides and Tools";
			productReference = 9266D2022A8CC37E0020D766 /* HSR - Guides and Tools.app */;
			productType = "com.apple.product-type.application";
		};
/* End PBXNativeTarget section */

/* Begin PBXProject section */
		9266D1FA2A8CC37E0020D766 /* Project object */ = {
			isa = PBXProject;
			attributes = {
				BuildIndependentTargetsInParallel = 1;
				LastSwiftUpdateCheck = 1430;
				LastUpgradeCheck = 1500;
				TargetAttributes = {
					9266D2012A8CC37E0020D766 = {
						CreatedOnToolsVersion = 14.3.1;
					};
				};
			};
			buildConfigurationList = 9266D1FD2A8CC37E0020D766 /* Build configuration list for PBXProject "HSR - Guides and Tools" */;
			compatibilityVersion = "Xcode 14.0";
			developmentRegion = en;
			hasScannedForEncodings = 0;
			knownRegions = (
				en,
				Base,
			);
			mainGroup = 9266D1F92A8CC37E0020D766;
			packageReferences = (
				9266D23C2A8E15490020D766 /* XCRemoteSwiftPackageReference "SDWebImage" */,
				921F1A3E2AC7106C003B37E5 /* XCRemoteSwiftPackageReference "firebase-ios-sdk" */,
			);
			productRefGroup = 9266D2032A8CC37E0020D766 /* Products */;
			projectDirPath = "";
			projectRoot = "";
			targets = (
				9266D2012A8CC37E0020D766 /* HSR - Guides and Tools */,
			);
		};
/* End PBXProject section */

/* Begin PBXResourcesBuildPhase section */
		9266D2002A8CC37E0020D766 /* Resources */ = {
			isa = PBXResourcesBuildPhase;
			buildActionMask = 2147483647;
			files = (
				9266D2122A8CC37F0020D766 /* LaunchScreen.storyboard in Resources */,
				920BE3662A8FCA11009B2F43 /* GoogleService-Info.plist in Resources */,
				9266D20F2A8CC37F0020D766 /* Assets.xcassets in Resources */,
			);
			runOnlyForDeploymentPostprocessing = 0;
		};
/* End PBXResourcesBuildPhase section */

/* Begin PBXSourcesBuildPhase section */
		9266D1FE2A8CC37E0020D766 /* Sources */ = {
			isa = PBXSourcesBuildPhase;
			buildActionMask = 2147483647;
			files = (
				9266D21D2A8CC6A50020D766 /* TabBarViewController.swift in Sources */,
				920BE36F2A90C681009B2F43 /* CharacterGuideViewController.swift in Sources */,
				924849D02ABCC24300433452 /* ItemView.swift in Sources */,
				927AB3302AD07E980077BB4E /* FilterService.swift in Sources */,
				924849D22ABDF9EB00433452 /* TopItemsView.swift in Sources */,
				92E5717B2ACAB44C00457B08 /* DeveloperView.swift in Sources */,
				920BE3722A90EDD3009B2F43 /* VerticalLabelsStackView.swift in Sources */,
				927AB3322AD07EB40077BB4E /* SortService.swift in Sources */,
				9266D21F2A8CC7460020D766 /* CharactersViewController.swift in Sources */,
				9266D23B2A8CF2550020D766 /* CharacterParcing.swift in Sources */,
				924849CE2ABC6B3D00433452 /* CharactersPresenter.swift in Sources */,
				92E571762AC977D000457B08 /* InfoModalViewController.swift in Sources */,
				9266D2392A8CF1760020D766 /* FirebaseManager.swift in Sources */,
				92E571782AC99FCC00457B08 /* Strings.swift in Sources */,
				9266D2232A8CC8400020D766 /* SettingsView.swift in Sources */,
				9266D2212A8CC7920020D766 /* CharacterCell.swift in Sources */,
				92E5717F2ACCA8BE00457B08 /* ContactViews.swift in Sources */,
				924849D42AC0515D00433452 /* StatsView.swift in Sources */,
				9266D2062A8CC37E0020D766 /* AppDelegate.swift in Sources */,
				921F1A3D2AC58009003B37E5 /* MockData.swift in Sources */,
				9266D2082A8CC37E0020D766 /* SceneDelegate.swift in Sources */,
				920BE36A2A9015A3009B2F43 /* UIColor + Extension.swift in Sources */,
				92E5717D2ACCA1DB00457B08 /* ExternalLinksViewModel.swift in Sources */,
			);
			runOnlyForDeploymentPostprocessing = 0;
		};
/* End PBXSourcesBuildPhase section */

/* Begin PBXVariantGroup section */
		9266D2102A8CC37F0020D766 /* LaunchScreen.storyboard */ = {
			isa = PBXVariantGroup;
			children = (
				9266D2112A8CC37F0020D766 /* Base */,
			);
			name = LaunchScreen.storyboard;
			sourceTree = "<group>";
		};
/* End PBXVariantGroup section */

/* Begin XCBuildConfiguration section */
		9266D2142A8CC37F0020D766 /* Debug */ = {
			isa = XCBuildConfiguration;
			buildSettings = {
				ALWAYS_SEARCH_USER_PATHS = NO;
				CLANG_ANALYZER_NONNULL = YES;
				CLANG_ANALYZER_NUMBER_OBJECT_CONVERSION = YES_AGGRESSIVE;
				CLANG_CXX_LANGUAGE_STANDARD = "gnu++20";
				CLANG_ENABLE_MODULES = YES;
				CLANG_ENABLE_OBJC_ARC = YES;
				CLANG_ENABLE_OBJC_WEAK = YES;
				CLANG_WARN_BLOCK_CAPTURE_AUTORELEASING = YES;
				CLANG_WARN_BOOL_CONVERSION = YES;
				CLANG_WARN_COMMA = YES;
				CLANG_WARN_CONSTANT_CONVERSION = YES;
				CLANG_WARN_DEPRECATED_OBJC_IMPLEMENTATIONS = YES;
				CLANG_WARN_DIRECT_OBJC_ISA_USAGE = YES_ERROR;
				CLANG_WARN_DOCUMENTATION_COMMENTS = YES;
				CLANG_WARN_EMPTY_BODY = YES;
				CLANG_WARN_ENUM_CONVERSION = YES;
				CLANG_WARN_INFINITE_RECURSION = YES;
				CLANG_WARN_INT_CONVERSION = YES;
				CLANG_WARN_NON_LITERAL_NULL_CONVERSION = YES;
				CLANG_WARN_OBJC_IMPLICIT_RETAIN_SELF = YES;
				CLANG_WARN_OBJC_LITERAL_CONVERSION = YES;
				CLANG_WARN_OBJC_ROOT_CLASS = YES_ERROR;
				CLANG_WARN_QUOTED_INCLUDE_IN_FRAMEWORK_HEADER = YES;
				CLANG_WARN_RANGE_LOOP_ANALYSIS = YES;
				CLANG_WARN_STRICT_PROTOTYPES = YES;
				CLANG_WARN_SUSPICIOUS_MOVE = YES;
				CLANG_WARN_UNGUARDED_AVAILABILITY = YES_AGGRESSIVE;
				CLANG_WARN_UNREACHABLE_CODE = YES;
				CLANG_WARN__DUPLICATE_METHOD_MATCH = YES;
				COPY_PHASE_STRIP = NO;
				DEBUG_INFORMATION_FORMAT = dwarf;
				ENABLE_STRICT_OBJC_MSGSEND = YES;
				ENABLE_TESTABILITY = YES;
				ENABLE_USER_SCRIPT_SANDBOXING = YES;
				GCC_C_LANGUAGE_STANDARD = gnu11;
				GCC_DYNAMIC_NO_PIC = NO;
				GCC_NO_COMMON_BLOCKS = YES;
				GCC_OPTIMIZATION_LEVEL = 0;
				GCC_PREPROCESSOR_DEFINITIONS = (
					"DEBUG=1",
					"$(inherited)",
				);
				GCC_WARN_64_TO_32_BIT_CONVERSION = YES;
				GCC_WARN_ABOUT_RETURN_TYPE = YES_ERROR;
				GCC_WARN_UNDECLARED_SELECTOR = YES;
				GCC_WARN_UNINITIALIZED_AUTOS = YES_AGGRESSIVE;
				GCC_WARN_UNUSED_FUNCTION = YES;
				GCC_WARN_UNUSED_VARIABLE = YES;
				IPHONEOS_DEPLOYMENT_TARGET = 16.4;
				MTL_ENABLE_DEBUG_INFO = INCLUDE_SOURCE;
				MTL_FAST_MATH = YES;
				ONLY_ACTIVE_ARCH = YES;
				SDKROOT = iphoneos;
				SWIFT_ACTIVE_COMPILATION_CONDITIONS = DEBUG;
				SWIFT_OPTIMIZATION_LEVEL = "-Onone";
			};
			name = Debug;
		};
		9266D2152A8CC37F0020D766 /* Release */ = {
			isa = XCBuildConfiguration;
			buildSettings = {
				ALWAYS_SEARCH_USER_PATHS = NO;
				CLANG_ANALYZER_NONNULL = YES;
				CLANG_ANALYZER_NUMBER_OBJECT_CONVERSION = YES_AGGRESSIVE;
				CLANG_CXX_LANGUAGE_STANDARD = "gnu++20";
				CLANG_ENABLE_MODULES = YES;
				CLANG_ENABLE_OBJC_ARC = YES;
				CLANG_ENABLE_OBJC_WEAK = YES;
				CLANG_WARN_BLOCK_CAPTURE_AUTORELEASING = YES;
				CLANG_WARN_BOOL_CONVERSION = YES;
				CLANG_WARN_COMMA = YES;
				CLANG_WARN_CONSTANT_CONVERSION = YES;
				CLANG_WARN_DEPRECATED_OBJC_IMPLEMENTATIONS = YES;
				CLANG_WARN_DIRECT_OBJC_ISA_USAGE = YES_ERROR;
				CLANG_WARN_DOCUMENTATION_COMMENTS = YES;
				CLANG_WARN_EMPTY_BODY = YES;
				CLANG_WARN_ENUM_CONVERSION = YES;
				CLANG_WARN_INFINITE_RECURSION = YES;
				CLANG_WARN_INT_CONVERSION = YES;
				CLANG_WARN_NON_LITERAL_NULL_CONVERSION = YES;
				CLANG_WARN_OBJC_IMPLICIT_RETAIN_SELF = YES;
				CLANG_WARN_OBJC_LITERAL_CONVERSION = YES;
				CLANG_WARN_OBJC_ROOT_CLASS = YES_ERROR;
				CLANG_WARN_QUOTED_INCLUDE_IN_FRAMEWORK_HEADER = YES;
				CLANG_WARN_RANGE_LOOP_ANALYSIS = YES;
				CLANG_WARN_STRICT_PROTOTYPES = YES;
				CLANG_WARN_SUSPICIOUS_MOVE = YES;
				CLANG_WARN_UNGUARDED_AVAILABILITY = YES_AGGRESSIVE;
				CLANG_WARN_UNREACHABLE_CODE = YES;
				CLANG_WARN__DUPLICATE_METHOD_MATCH = YES;
				COPY_PHASE_STRIP = NO;
				DEBUG_INFORMATION_FORMAT = "dwarf-with-dsym";
				ENABLE_NS_ASSERTIONS = NO;
				ENABLE_STRICT_OBJC_MSGSEND = YES;
				ENABLE_USER_SCRIPT_SANDBOXING = YES;
				GCC_C_LANGUAGE_STANDARD = gnu11;
				GCC_NO_COMMON_BLOCKS = YES;
				GCC_WARN_64_TO_32_BIT_CONVERSION = YES;
				GCC_WARN_ABOUT_RETURN_TYPE = YES_ERROR;
				GCC_WARN_UNDECLARED_SELECTOR = YES;
				GCC_WARN_UNINITIALIZED_AUTOS = YES_AGGRESSIVE;
				GCC_WARN_UNUSED_FUNCTION = YES;
				GCC_WARN_UNUSED_VARIABLE = YES;
				IPHONEOS_DEPLOYMENT_TARGET = 16.4;
				MTL_ENABLE_DEBUG_INFO = NO;
				MTL_FAST_MATH = YES;
				SDKROOT = iphoneos;
				SWIFT_COMPILATION_MODE = wholemodule;
				SWIFT_OPTIMIZATION_LEVEL = "-O";
				VALIDATE_PRODUCT = YES;
			};
			name = Release;
		};
		9266D2172A8CC37F0020D766 /* Debug */ = {
			isa = XCBuildConfiguration;
			buildSettings = {
				ASSETCATALOG_COMPILER_APPICON_NAME = AppIcon;
				ASSETCATALOG_COMPILER_GLOBAL_ACCENT_COLOR_NAME = AccentColor;
				CODE_SIGN_STYLE = Automatic;
				CURRENT_PROJECT_VERSION = 1;
				DEVELOPMENT_TEAM = C3Q4L42H3A;
				GENERATE_INFOPLIST_FILE = YES;
				INFOPLIST_FILE = "HSR - Guides and Tools/Info.plist";
				INFOPLIST_KEY_UIApplicationSupportsIndirectInputEvents = YES;
				INFOPLIST_KEY_UILaunchStoryboardName = LaunchScreen.storyboard;
				INFOPLIST_KEY_UISupportedInterfaceOrientations = UIInterfaceOrientationPortrait;
				INFOPLIST_KEY_UISupportedInterfaceOrientations_iPad = "UIInterfaceOrientationLandscapeLeft UIInterfaceOrientationLandscapeRight UIInterfaceOrientationPortrait UIInterfaceOrientationPortraitUpsideDown";
				IPHONEOS_DEPLOYMENT_TARGET = 13.0;
				LD_RUNPATH_SEARCH_PATHS = (
					"$(inherited)",
					"@executable_path/Frameworks",
				);
				MARKETING_VERSION = 1.0;
				PRODUCT_BUNDLE_IDENTIFIER = "com.ChakyrIT.HSR---Guides-and-Tools";
				PRODUCT_NAME = "$(TARGET_NAME)";
				SUPPORTED_PLATFORMS = "iphoneos iphonesimulator";
				SUPPORTS_MACCATALYST = NO;
				SUPPORTS_MAC_DESIGNED_FOR_IPHONE_IPAD = NO;
				SWIFT_EMIT_LOC_STRINGS = YES;
				SWIFT_VERSION = 5.0;
				TARGETED_DEVICE_FAMILY = 1;
			};
			name = Debug;
		};
		9266D2182A8CC37F0020D766 /* Release */ = {
			isa = XCBuildConfiguration;
			buildSettings = {
				ASSETCATALOG_COMPILER_APPICON_NAME = AppIcon;
				ASSETCATALOG_COMPILER_GLOBAL_ACCENT_COLOR_NAME = AccentColor;
				CODE_SIGN_STYLE = Automatic;
				CURRENT_PROJECT_VERSION = 1;
				DEVELOPMENT_TEAM = C3Q4L42H3A;
				GENERATE_INFOPLIST_FILE = YES;
				INFOPLIST_FILE = "HSR - Guides and Tools/Info.plist";
				INFOPLIST_KEY_UIApplicationSupportsIndirectInputEvents = YES;
				INFOPLIST_KEY_UILaunchStoryboardName = LaunchScreen.storyboard;
				INFOPLIST_KEY_UISupportedInterfaceOrientations = UIInterfaceOrientationPortrait;
				INFOPLIST_KEY_UISupportedInterfaceOrientations_iPad = "UIInterfaceOrientationLandscapeLeft UIInterfaceOrientationLandscapeRight UIInterfaceOrientationPortrait UIInterfaceOrientationPortraitUpsideDown";
				IPHONEOS_DEPLOYMENT_TARGET = 13.0;
				LD_RUNPATH_SEARCH_PATHS = (
					"$(inherited)",
					"@executable_path/Frameworks",
				);
				MARKETING_VERSION = 1.0;
				PRODUCT_BUNDLE_IDENTIFIER = "com.ChakyrIT.HSR---Guides-and-Tools";
				PRODUCT_NAME = "$(TARGET_NAME)";
				SUPPORTED_PLATFORMS = "iphoneos iphonesimulator";
				SUPPORTS_MACCATALYST = NO;
				SUPPORTS_MAC_DESIGNED_FOR_IPHONE_IPAD = NO;
				SWIFT_EMIT_LOC_STRINGS = YES;
				SWIFT_VERSION = 5.0;
				TARGETED_DEVICE_FAMILY = 1;
			};
			name = Release;
		};
/* End XCBuildConfiguration section */

/* Begin XCConfigurationList section */
		9266D1FD2A8CC37E0020D766 /* Build configuration list for PBXProject "HSR - Guides and Tools" */ = {
			isa = XCConfigurationList;
			buildConfigurations = (
				9266D2142A8CC37F0020D766 /* Debug */,
				9266D2152A8CC37F0020D766 /* Release */,
			);
			defaultConfigurationIsVisible = 0;
			defaultConfigurationName = Release;
		};
		9266D2162A8CC37F0020D766 /* Build configuration list for PBXNativeTarget "HSR - Guides and Tools" */ = {
			isa = XCConfigurationList;
			buildConfigurations = (
				9266D2172A8CC37F0020D766 /* Debug */,
				9266D2182A8CC37F0020D766 /* Release */,
			);
			defaultConfigurationIsVisible = 0;
			defaultConfigurationName = Release;
		};
/* End XCConfigurationList section */

/* Begin XCRemoteSwiftPackageReference section */
		921F1A3E2AC7106C003B37E5 /* XCRemoteSwiftPackageReference "firebase-ios-sdk" */ = {
			isa = XCRemoteSwiftPackageReference;
			repositoryURL = "https://github.com/firebase/firebase-ios-sdk";
			requirement = {
				kind = upToNextMajorVersion;
				minimumVersion = 10.15.0;
			};
		};
		9266D23C2A8E15490020D766 /* XCRemoteSwiftPackageReference "SDWebImage" */ = {
			isa = XCRemoteSwiftPackageReference;
			repositoryURL = "https://github.com/SDWebImage/SDWebImage";
			requirement = {
				kind = upToNextMajorVersion;
				minimumVersion = 5.0.0;
			};
		};
/* End XCRemoteSwiftPackageReference section */

/* Begin XCSwiftPackageProductDependency section */
		921F1A3F2AC7106C003B37E5 /* FirebaseAnalytics */ = {
			isa = XCSwiftPackageProductDependency;
			package = 921F1A3E2AC7106C003B37E5 /* XCRemoteSwiftPackageReference "firebase-ios-sdk" */;
			productName = FirebaseAnalytics;
		};
		921F1A412AC7106C003B37E5 /* FirebaseAnalyticsOnDeviceConversion */ = {
			isa = XCSwiftPackageProductDependency;
			package = 921F1A3E2AC7106C003B37E5 /* XCRemoteSwiftPackageReference "firebase-ios-sdk" */;
			productName = FirebaseAnalyticsOnDeviceConversion;
		};
		921F1A432AC7106C003B37E5 /* FirebaseAnalyticsSwift */ = {
			isa = XCSwiftPackageProductDependency;
			package = 921F1A3E2AC7106C003B37E5 /* XCRemoteSwiftPackageReference "firebase-ios-sdk" */;
			productName = FirebaseAnalyticsSwift;
		};
		921F1A452AC7106C003B37E5 /* FirebaseAnalyticsWithoutAdIdSupport */ = {
			isa = XCSwiftPackageProductDependency;
			package = 921F1A3E2AC7106C003B37E5 /* XCRemoteSwiftPackageReference "firebase-ios-sdk" */;
			productName = FirebaseAnalyticsWithoutAdIdSupport;
		};
		921F1A472AC7106C003B37E5 /* FirebaseAppCheck */ = {
			isa = XCSwiftPackageProductDependency;
			package = 921F1A3E2AC7106C003B37E5 /* XCRemoteSwiftPackageReference "firebase-ios-sdk" */;
			productName = FirebaseAppCheck;
		};
		921F1A492AC7106C003B37E5 /* FirebaseAppDistribution-Beta */ = {
			isa = XCSwiftPackageProductDependency;
			package = 921F1A3E2AC7106C003B37E5 /* XCRemoteSwiftPackageReference "firebase-ios-sdk" */;
			productName = "FirebaseAppDistribution-Beta";
		};
		921F1A4B2AC7106C003B37E5 /* FirebaseAuth */ = {
			isa = XCSwiftPackageProductDependency;
			package = 921F1A3E2AC7106C003B37E5 /* XCRemoteSwiftPackageReference "firebase-ios-sdk" */;
			productName = FirebaseAuth;
		};
		921F1A4D2AC7106C003B37E5 /* FirebaseAuthCombine-Community */ = {
			isa = XCSwiftPackageProductDependency;
			package = 921F1A3E2AC7106C003B37E5 /* XCRemoteSwiftPackageReference "firebase-ios-sdk" */;
			productName = "FirebaseAuthCombine-Community";
		};
		921F1A4F2AC7106C003B37E5 /* FirebaseCrashlytics */ = {
			isa = XCSwiftPackageProductDependency;
			package = 921F1A3E2AC7106C003B37E5 /* XCRemoteSwiftPackageReference "firebase-ios-sdk" */;
			productName = FirebaseCrashlytics;
		};
		921F1A512AC7106C003B37E5 /* FirebaseDatabase */ = {
			isa = XCSwiftPackageProductDependency;
			package = 921F1A3E2AC7106C003B37E5 /* XCRemoteSwiftPackageReference "firebase-ios-sdk" */;
			productName = FirebaseDatabase;
		};
		921F1A532AC7106C003B37E5 /* FirebaseDatabaseSwift */ = {
			isa = XCSwiftPackageProductDependency;
			package = 921F1A3E2AC7106C003B37E5 /* XCRemoteSwiftPackageReference "firebase-ios-sdk" */;
			productName = FirebaseDatabaseSwift;
		};
		921F1A552AC7106C003B37E5 /* FirebaseDynamicLinks */ = {
			isa = XCSwiftPackageProductDependency;
			package = 921F1A3E2AC7106C003B37E5 /* XCRemoteSwiftPackageReference "firebase-ios-sdk" */;
			productName = FirebaseDynamicLinks;
		};
		921F1A572AC7106C003B37E5 /* FirebaseFirestore */ = {
			isa = XCSwiftPackageProductDependency;
			package = 921F1A3E2AC7106C003B37E5 /* XCRemoteSwiftPackageReference "firebase-ios-sdk" */;
			productName = FirebaseFirestore;
		};
		921F1A592AC7106C003B37E5 /* FirebaseFirestoreCombine-Community */ = {
			isa = XCSwiftPackageProductDependency;
			package = 921F1A3E2AC7106C003B37E5 /* XCRemoteSwiftPackageReference "firebase-ios-sdk" */;
			productName = "FirebaseFirestoreCombine-Community";
		};
		921F1A5B2AC7106C003B37E5 /* FirebaseFirestoreSwift */ = {
			isa = XCSwiftPackageProductDependency;
			package = 921F1A3E2AC7106C003B37E5 /* XCRemoteSwiftPackageReference "firebase-ios-sdk" */;
			productName = FirebaseFirestoreSwift;
		};
		921F1A5D2AC7106C003B37E5 /* FirebaseFunctions */ = {
			isa = XCSwiftPackageProductDependency;
			package = 921F1A3E2AC7106C003B37E5 /* XCRemoteSwiftPackageReference "firebase-ios-sdk" */;
			productName = FirebaseFunctions;
		};
		921F1A5F2AC7106C003B37E5 /* FirebaseFunctionsCombine-Community */ = {
			isa = XCSwiftPackageProductDependency;
			package = 921F1A3E2AC7106C003B37E5 /* XCRemoteSwiftPackageReference "firebase-ios-sdk" */;
			productName = "FirebaseFunctionsCombine-Community";
		};
		921F1A612AC7106C003B37E5 /* FirebaseInAppMessaging-Beta */ = {
			isa = XCSwiftPackageProductDependency;
			package = 921F1A3E2AC7106C003B37E5 /* XCRemoteSwiftPackageReference "firebase-ios-sdk" */;
			productName = "FirebaseInAppMessaging-Beta";
		};
		921F1A632AC7106C003B37E5 /* FirebaseInAppMessagingSwift-Beta */ = {
			isa = XCSwiftPackageProductDependency;
			package = 921F1A3E2AC7106C003B37E5 /* XCRemoteSwiftPackageReference "firebase-ios-sdk" */;
			productName = "FirebaseInAppMessagingSwift-Beta";
		};
		921F1A652AC7106C003B37E5 /* FirebaseInstallations */ = {
			isa = XCSwiftPackageProductDependency;
			package = 921F1A3E2AC7106C003B37E5 /* XCRemoteSwiftPackageReference "firebase-ios-sdk" */;
			productName = FirebaseInstallations;
		};
		921F1A672AC7106C003B37E5 /* FirebaseMLModelDownloader */ = {
			isa = XCSwiftPackageProductDependency;
			package = 921F1A3E2AC7106C003B37E5 /* XCRemoteSwiftPackageReference "firebase-ios-sdk" */;
			productName = FirebaseMLModelDownloader;
		};
		921F1A692AC7106C003B37E5 /* FirebaseMessaging */ = {
			isa = XCSwiftPackageProductDependency;
			package = 921F1A3E2AC7106C003B37E5 /* XCRemoteSwiftPackageReference "firebase-ios-sdk" */;
			productName = FirebaseMessaging;
		};
		921F1A6B2AC7106C003B37E5 /* FirebasePerformance */ = {
			isa = XCSwiftPackageProductDependency;
			package = 921F1A3E2AC7106C003B37E5 /* XCRemoteSwiftPackageReference "firebase-ios-sdk" */;
			productName = FirebasePerformance;
		};
		921F1A6D2AC7106C003B37E5 /* FirebaseRemoteConfig */ = {
			isa = XCSwiftPackageProductDependency;
			package = 921F1A3E2AC7106C003B37E5 /* XCRemoteSwiftPackageReference "firebase-ios-sdk" */;
			productName = FirebaseRemoteConfig;
		};
		921F1A6F2AC7106C003B37E5 /* FirebaseRemoteConfigSwift */ = {
			isa = XCSwiftPackageProductDependency;
			package = 921F1A3E2AC7106C003B37E5 /* XCRemoteSwiftPackageReference "firebase-ios-sdk" */;
			productName = FirebaseRemoteConfigSwift;
		};
		921F1A712AC7106C003B37E5 /* FirebaseStorage */ = {
			isa = XCSwiftPackageProductDependency;
			package = 921F1A3E2AC7106C003B37E5 /* XCRemoteSwiftPackageReference "firebase-ios-sdk" */;
			productName = FirebaseStorage;
		};
		921F1A732AC7106C003B37E5 /* FirebaseStorageCombine-Community */ = {
			isa = XCSwiftPackageProductDependency;
			package = 921F1A3E2AC7106C003B37E5 /* XCRemoteSwiftPackageReference "firebase-ios-sdk" */;
			productName = "FirebaseStorageCombine-Community";
		};
		9266D23D2A8E15490020D766 /* SDWebImage */ = {
			isa = XCSwiftPackageProductDependency;
			package = 9266D23C2A8E15490020D766 /* XCRemoteSwiftPackageReference "SDWebImage" */;
			productName = SDWebImage;
		};
/* End XCSwiftPackageProductDependency section */
	};
	rootObject = 9266D1FA2A8CC37E0020D766 /* Project object */;
}
